// !$*UTF8*$!
{
	archiveVersion = 1;
	classes = {
	};
	objectVersion = 56;
	objects = {

/* Begin PBXBuildFile section */
		7F7F00DC29117A5A0072B409 /* LogintoAtlasApp.swift in Sources */ = {isa = PBXBuildFile; fileRef = 7F7F00DB29117A5A0072B409 /* LogintoAtlasApp.swift */; };
		7F7F00DE29117A5A0072B409 /* ContentView.swift in Sources */ = {isa = PBXBuildFile; fileRef = 7F7F00DD29117A5A0072B409 /* ContentView.swift */; };
		7F7F00E029117A5B0072B409 /* Assets.xcassets in Resources */ = {isa = PBXBuildFile; fileRef = 7F7F00DF29117A5B0072B409 /* Assets.xcassets */; };
		7F7F00E329117A5B0072B409 /* Preview Assets.xcassets in Resources */ = {isa = PBXBuildFile; fileRef = 7F7F00E229117A5B0072B409 /* Preview Assets.xcassets */; };
		7F7F00EB29117ABA0072B409 /* Realm in Frameworks */ = {isa = PBXBuildFile; productRef = 7F7F00EA29117ABA0072B409 /* Realm */; };
		7F7F00ED29117ABA0072B409 /* RealmSwift in Frameworks */ = {isa = PBXBuildFile; productRef = 7F7F00EC29117ABA0072B409 /* RealmSwift */; };
		7F7F00EF291185510072B409 /* LogOutView.swift in Sources */ = {isa = PBXBuildFile; fileRef = 7F7F00EE291185510072B409 /* LogOutView.swift */; };
		7F7F00F1291197FE0072B409 /* Model.swift in Sources */ = {isa = PBXBuildFile; fileRef = 7F7F00F0291197FE0072B409 /* Model.swift */; };
		7F7F00F32911AB2F0072B409 /* LogInView.swift in Sources */ = {isa = PBXBuildFile; fileRef = 7F7F00F22911AB2F0072B409 /* LogInView.swift */; };
/* End PBXBuildFile section */

/* Begin PBXFileReference section */
		7F7F00D829117A5A0072B409 /* LogintoAtlas.app */ = {isa = PBXFileReference; explicitFileType = wrapper.application; includeInIndex = 0; path = LogintoAtlas.app; sourceTree = BUILT_PRODUCTS_DIR; };
		7F7F00DB29117A5A0072B409 /* LogintoAtlasApp.swift */ = {isa = PBXFileReference; lastKnownFileType = sourcecode.swift; path = LogintoAtlasApp.swift; sourceTree = "<group>"; };
		7F7F00DD29117A5A0072B409 /* ContentView.swift */ = {isa = PBXFileReference; lastKnownFileType = sourcecode.swift; path = ContentView.swift; sourceTree = "<group>"; };
		7F7F00DF29117A5B0072B409 /* Assets.xcassets */ = {isa = PBXFileReference; lastKnownFileType = folder.assetcatalog; path = Assets.xcassets; sourceTree = "<group>"; };
		7F7F00E229117A5B0072B409 /* Preview Assets.xcassets */ = {isa = PBXFileReference; lastKnownFileType = folder.assetcatalog; path = "Preview Assets.xcassets"; sourceTree = "<group>"; };
		7F7F00EE291185510072B409 /* LogOutView.swift */ = {isa = PBXFileReference; lastKnownFileType = sourcecode.swift; path = LogOutView.swift; sourceTree = "<group>"; };
		7F7F00F0291197FE0072B409 /* Model.swift */ = {isa = PBXFileReference; lastKnownFileType = sourcecode.swift; path = Model.swift; sourceTree = "<group>"; };
		7F7F00F22911AB2F0072B409 /* LogInView.swift */ = {isa = PBXFileReference; lastKnownFileType = sourcecode.swift; path = LogInView.swift; sourceTree = "<group>"; };
/* End PBXFileReference section */

/* Begin PBXFrameworksBuildPhase section */
		7F7F00D529117A590072B409 /* Frameworks */ = {
			isa = PBXFrameworksBuildPhase;
			buildActionMask = 2147483647;
			files = (
				7F7F00ED29117ABA0072B409 /* RealmSwift in Frameworks */,
				7F7F00EB29117ABA0072B409 /* Realm in Frameworks */,
			);
			runOnlyForDeploymentPostprocessing = 0;
		};
/* End PBXFrameworksBuildPhase section */

/* Begin PBXGroup section */
		7F7F00CF29117A590072B409 = {
			isa = PBXGroup;
			children = (
				7F7F00DA29117A5A0072B409 /* LogintoAtlas */,
				7F7F00D929117A5A0072B409 /* Products */,
			);
			sourceTree = "<group>";
		};
		7F7F00D929117A5A0072B409 /* Products */ = {
			isa = PBXGroup;
			children = (
				7F7F00D829117A5A0072B409 /* LogintoAtlas.app */,
			);
			name = Products;
			sourceTree = "<group>";
		};
		7F7F00DA29117A5A0072B409 /* LogintoAtlas */ = {
			isa = PBXGroup;
			children = (
				7F7F00DB29117A5A0072B409 /* LogintoAtlasApp.swift */,
				7F7F00EE291185510072B409 /* LogOutView.swift */,
				7F7F00DD29117A5A0072B409 /* ContentView.swift */,
				7F7F00F22911AB2F0072B409 /* LogInView.swift */,
				7F7F00DF29117A5B0072B409 /* Assets.xcassets */,
				7F7F00E129117A5B0072B409 /* Preview Content */,
				7F7F00F0291197FE0072B409 /* Model.swift */,
			);
			path = LogintoAtlas;
			sourceTree = "<group>";
		};
		7F7F00E129117A5B0072B409 /* Preview Content */ = {
			isa = PBXGroup;
			children = (
				7F7F00E229117A5B0072B409 /* Preview Assets.xcassets */,
			);
			path = "Preview Content";
			sourceTree = "<group>";
		};
/* End PBXGroup section */

/* Begin PBXNativeTarget section */
		7F7F00D729117A590072B409 /* LogintoAtlas */ = {
			isa = PBXNativeTarget;
			buildConfigurationList = 7F7F00E629117A5B0072B409 /* Build configuration list for PBXNativeTarget "LogintoAtlas" */;
			buildPhases = (
				7F7F00D429117A590072B409 /* Sources */,
				7F7F00D529117A590072B409 /* Frameworks */,
				7F7F00D629117A590072B409 /* Resources */,
			);
			buildRules = (
			);
			dependencies = (
			);
			name = LogintoAtlas;
			packageProductDependencies = (
				7F7F00EA29117ABA0072B409 /* Realm */,
				7F7F00EC29117ABA0072B409 /* RealmSwift */,
			);
			productName = LogintoAtlas;
			productReference = 7F7F00D829117A5A0072B409 /* LogintoAtlas.app */;
			productType = "com.apple.product-type.application";
		};
/* End PBXNativeTarget section */

/* Begin PBXProject section */
		7F7F00D029117A590072B409 /* Project object */ = {
			isa = PBXProject;
			attributes = {
				BuildIndependentTargetsInParallel = 1;
				LastSwiftUpdateCheck = 1400;
				LastUpgradeCheck = 1400;
				TargetAttributes = {
					7F7F00D729117A590072B409 = {
						CreatedOnToolsVersion = 14.0.1;
					};
				};
			};
			buildConfigurationList = 7F7F00D329117A590072B409 /* Build configuration list for PBXProject "LogintoAtlas" */;
			compatibilityVersion = "Xcode 14.0";
			developmentRegion = en;
			hasScannedForEncodings = 0;
			knownRegions = (
				en,
				Base,
			);
			mainGroup = 7F7F00CF29117A590072B409;
			packageReferences = (
				7F7F00E929117ABA0072B409 /* XCRemoteSwiftPackageReference "realm-swift" */,
			);
			productRefGroup = 7F7F00D929117A5A0072B409 /* Products */;
			projectDirPath = "";
			projectRoot = "";
			targets = (
				7F7F00D729117A590072B409 /* LogintoAtlas */,
			);
		};
/* End PBXProject section */

/* Begin PBXResourcesBuildPhase section */
		7F7F00D629117A590072B409 /* Resources */ = {
			isa = PBXResourcesBuildPhase;
			buildActionMask = 2147483647;
			files = (
				7F7F00E329117A5B0072B409 /* Preview Assets.xcassets in Resources */,
				7F7F00E029117A5B0072B409 /* Assets.xcassets in Resources */,
			);
			runOnlyForDeploymentPostprocessing = 0;
		};
/* End PBXResourcesBuildPhase section */

/* Begin PBXSourcesBuildPhase section */
		7F7F00D429117A590072B409 /* Sources */ = {
			isa = PBXSourcesBuildPhase;
			buildActionMask = 2147483647;
			files = (
				7F7F00F32911AB2F0072B409 /* LogInView.swift in Sources */,
				7F7F00DE29117A5A0072B409 /* ContentView.swift in Sources */,
				7F7F00DC29117A5A0072B409 /* LogintoAtlasApp.swift in Sources */,
				7F7F00EF291185510072B409 /* LogOutView.swift in Sources */,
				7F7F00F1291197FE0072B409 /* Model.swift in Sources */,
			);
			runOnlyForDeploymentPostprocessing = 0;
		};
/* End PBXSourcesBuildPhase section */

/* Begin XCBuildConfiguration section */
		7F7F00E429117A5B0072B409 /* Debug */ = {
			isa = XCBuildConfiguration;
			buildSettings = {
				ALWAYS_SEARCH_USER_PATHS = NO;
				CLANG_ANALYZER_NONNULL = YES;
				CLANG_ANALYZER_NUMBER_OBJECT_CONVERSION = YES_AGGRESSIVE;
				CLANG_CXX_LANGUAGE_STANDARD = "gnu++20";
				CLANG_ENABLE_MODULES = YES;
				CLANG_ENABLE_OBJC_ARC = YES;
				CLANG_ENABLE_OBJC_WEAK = YES;
				CLANG_WARN_BLOCK_CAPTURE_AUTORELEASING = YES;
				CLANG_WARN_BOOL_CONVERSION = YES;
				CLANG_WARN_COMMA = YES;
				CLANG_WARN_CONSTANT_CONVERSION = YES;
				CLANG_WARN_DEPRECATED_OBJC_IMPLEMENTATIONS = YES;
				CLANG_WARN_DIRECT_OBJC_ISA_USAGE = YES_ERROR;
				CLANG_WARN_DOCUMENTATION_COMMENTS = YES;
				CLANG_WARN_EMPTY_BODY = YES;
				CLANG_WARN_ENUM_CONVERSION = YES;
				CLANG_WARN_INFINITE_RECURSION = YES;
				CLANG_WARN_INT_CONVERSION = YES;
				CLANG_WARN_NON_LITERAL_NULL_CONVERSION = YES;
				CLANG_WARN_OBJC_IMPLICIT_RETAIN_SELF = YES;
				CLANG_WARN_OBJC_LITERAL_CONVERSION = YES;
				CLANG_WARN_OBJC_ROOT_CLASS = YES_ERROR;
				CLANG_WARN_QUOTED_INCLUDE_IN_FRAMEWORK_HEADER = YES;
				CLANG_WARN_RANGE_LOOP_ANALYSIS = YES;
				CLANG_WARN_STRICT_PROTOTYPES = YES;
				CLANG_WARN_SUSPICIOUS_MOVE = YES;
				CLANG_WARN_UNGUARDED_AVAILABILITY = YES_AGGRESSIVE;
				CLANG_WARN_UNREACHABLE_CODE = YES;
				CLANG_WARN__DUPLICATE_METHOD_MATCH = YES;
				COPY_PHASE_STRIP = NO;
				DEBUG_INFORMATION_FORMAT = dwarf;
				ENABLE_STRICT_OBJC_MSGSEND = YES;
				ENABLE_TESTABILITY = YES;
				GCC_C_LANGUAGE_STANDARD = gnu11;
				GCC_DYNAMIC_NO_PIC = NO;
				GCC_NO_COMMON_BLOCKS = YES;
				GCC_OPTIMIZATION_LEVEL = 0;
				GCC_PREPROCESSOR_DEFINITIONS = (
					"DEBUG=1",
					"$(inherited)",
				);
				GCC_WARN_64_TO_32_BIT_CONVERSION = YES;
				GCC_WARN_ABOUT_RETURN_TYPE = YES_ERROR;
				GCC_WARN_UNDECLARED_SELECTOR = YES;
				GCC_WARN_UNINITIALIZED_AUTOS = YES_AGGRESSIVE;
				GCC_WARN_UNUSED_FUNCTION = YES;
				GCC_WARN_UNUSED_VARIABLE = YES;
				IPHONEOS_DEPLOYMENT_TARGET = 16.0;
				MTL_ENABLE_DEBUG_INFO = INCLUDE_SOURCE;
				MTL_FAST_MATH = YES;
				ONLY_ACTIVE_ARCH = YES;
				SDKROOT = iphoneos;
				SWIFT_ACTIVE_COMPILATION_CONDITIONS = DEBUG;
				SWIFT_OPTIMIZATION_LEVEL = "-Onone";
			};
			name = Debug;
		};
		7F7F00E529117A5B0072B409 /* Release */ = {
			isa = XCBuildConfiguration;
			buildSettings = {
				ALWAYS_SEARCH_USER_PATHS = NO;
				CLANG_ANALYZER_NONNULL = YES;
				CLANG_ANALYZER_NUMBER_OBJECT_CONVERSION = YES_AGGRESSIVE;
				CLANG_CXX_LANGUAGE_STANDARD = "gnu++20";
				CLANG_ENABLE_MODULES = YES;
				CLANG_ENABLE_OBJC_ARC = YES;
				CLANG_ENABLE_OBJC_WEAK = YES;
				CLANG_WARN_BLOCK_CAPTURE_AUTORELEASING = YES;
				CLANG_WARN_BOOL_CONVERSION = YES;
				CLANG_WARN_COMMA = YES;
				CLANG_WARN_CONSTANT_CONVERSION = YES;
				CLANG_WARN_DEPRECATED_OBJC_IMPLEMENTATIONS = YES;
				CLANG_WARN_DIRECT_OBJC_ISA_USAGE = YES_ERROR;
				CLANG_WARN_DOCUMENTATION_COMMENTS = YES;
				CLANG_WARN_EMPTY_BODY = YES;
				CLANG_WARN_ENUM_CONVERSION = YES;
				CLANG_WARN_INFINITE_RECURSION = YES;
				CLANG_WARN_INT_CONVERSION = YES;
				CLANG_WARN_NON_LITERAL_NULL_CONVERSION = YES;
				CLANG_WARN_OBJC_IMPLICIT_RETAIN_SELF = YES;
				CLANG_WARN_OBJC_LITERAL_CONVERSION = YES;
				CLANG_WARN_OBJC_ROOT_CLASS = YES_ERROR;
				CLANG_WARN_QUOTED_INCLUDE_IN_FRAMEWORK_HEADER = YES;
				CLANG_WARN_RANGE_LOOP_ANALYSIS = YES;
				CLANG_WARN_STRICT_PROTOTYPES = YES;
				CLANG_WARN_SUSPICIOUS_MOVE = YES;
				CLANG_WARN_UNGUARDED_AVAILABILITY = YES_AGGRESSIVE;
				CLANG_WARN_UNREACHABLE_CODE = YES;
				CLANG_WARN__DUPLICATE_METHOD_MATCH = YES;
				COPY_PHASE_STRIP = NO;
				DEBUG_INFORMATION_FORMAT = "dwarf-with-dsym";
				ENABLE_NS_ASSERTIONS = NO;
				ENABLE_STRICT_OBJC_MSGSEND = YES;
				GCC_C_LANGUAGE_STANDARD = gnu11;
				GCC_NO_COMMON_BLOCKS = YES;
				GCC_WARN_64_TO_32_BIT_CONVERSION = YES;
				GCC_WARN_ABOUT_RETURN_TYPE = YES_ERROR;
				GCC_WARN_UNDECLARED_SELECTOR = YES;
				GCC_WARN_UNINITIALIZED_AUTOS = YES_AGGRESSIVE;
				GCC_WARN_UNUSED_FUNCTION = YES;
				GCC_WARN_UNUSED_VARIABLE = YES;
				IPHONEOS_DEPLOYMENT_TARGET = 16.0;
				MTL_ENABLE_DEBUG_INFO = NO;
				MTL_FAST_MATH = YES;
				SDKROOT = iphoneos;
				SWIFT_COMPILATION_MODE = wholemodule;
				SWIFT_OPTIMIZATION_LEVEL = "-O";
				VALIDATE_PRODUCT = YES;
			};
			name = Release;
		};
		7F7F00E729117A5B0072B409 /* Debug */ = {
			isa = XCBuildConfiguration;
			buildSettings = {
				ASSETCATALOG_COMPILER_APPICON_NAME = AppIcon;
				ASSETCATALOG_COMPILER_GLOBAL_ACCENT_COLOR_NAME = AccentColor;
				CODE_SIGN_STYLE = Automatic;
				CURRENT_PROJECT_VERSION = 1;
				DEVELOPMENT_ASSET_PATHS = "\"LogintoAtlas/Preview Content\"";
				DEVELOPMENT_TEAM = CC2755AXU3;
				ENABLE_PREVIEWS = YES;
				GENERATE_INFOPLIST_FILE = YES;
				INFOPLIST_KEY_UIApplicationSceneManifest_Generation = YES;
				INFOPLIST_KEY_UIApplicationSupportsIndirectInputEvents = YES;
				INFOPLIST_KEY_UILaunchScreen_Generation = YES;
				INFOPLIST_KEY_UISupportedInterfaceOrientations_iPad = "UIInterfaceOrientationPortrait UIInterfaceOrientationPortraitUpsideDown UIInterfaceOrientationLandscapeLeft UIInterfaceOrientationLandscapeRight";
				INFOPLIST_KEY_UISupportedInterfaceOrientations_iPhone = "UIInterfaceOrientationPortrait UIInterfaceOrientationLandscapeLeft UIInterfaceOrientationLandscapeRight";
				LD_RUNPATH_SEARCH_PATHS = (
					"$(inherited)",
					"@executable_path/Frameworks",
				);
				MARKETING_VERSION = 1.0;
				PRODUCT_BUNDLE_IDENTIFIER = "Flight-Service.LogintoAtlas";
				PRODUCT_NAME = "$(TARGET_NAME)";
				SWIFT_EMIT_LOC_STRINGS = YES;
				SWIFT_VERSION = 5.0;
				TARGETED_DEVICE_FAMILY = "1,2";
			};
			name = Debug;
		};
		7F7F00E829117A5B0072B409 /* Release */ = {
			isa = XCBuildConfiguration;
			buildSettings = {
				ASSETCATALOG_COMPILER_APPICON_NAME = AppIcon;
				ASSETCATALOG_COMPILER_GLOBAL_ACCENT_COLOR_NAME = AccentColor;
				CODE_SIGN_STYLE = Automatic;
				CURRENT_PROJECT_VERSION = 1;
				DEVELOPMENT_ASSET_PATHS = "\"LogintoAtlas/Preview Content\"";
				DEVELOPMENT_TEAM = CC2755AXU3;
				ENABLE_PREVIEWS = YES;
				GENERATE_INFOPLIST_FILE = YES;
				INFOPLIST_KEY_UIApplicationSceneManifest_Generation = YES;
				INFOPLIST_KEY_UIApplicationSupportsIndirectInputEvents = YES;
				INFOPLIST_KEY_UILaunchScreen_Generation = YES;
				INFOPLIST_KEY_UISupportedInterfaceOrientations_iPad = "UIInterfaceOrientationPortrait UIInterfaceOrientationPortraitUpsideDown UIInterfaceOrientationLandscapeLeft UIInterfaceOrientationLandscapeRight";
				INFOPLIST_KEY_UISupportedInterfaceOrientations_iPhone = "UIInterfaceOrientationPortrait UIInterfaceOrientationLandscapeLeft UIInterfaceOrientationLandscapeRight";
				LD_RUNPATH_SEARCH_PATHS = (
					"$(inherited)",
					"@executable_path/Frameworks",
				);
				MARKETING_VERSION = 1.0;
				PRODUCT_BUNDLE_IDENTIFIER = "Flight-Service.LogintoAtlas";
				PRODUCT_NAME = "$(TARGET_NAME)";
				SWIFT_EMIT_LOC_STRINGS = YES;
				SWIFT_VERSION = 5.0;
				TARGETED_DEVICE_FAMILY = "1,2";
			};
			name = Release;
		};
/* End XCBuildConfiguration section */

/* Begin XCConfigurationList section */
		7F7F00D329117A590072B409 /* Build configuration list for PBXProject "LogintoAtlas" */ = {
			isa = XCConfigurationList;
			buildConfigurations = (
				7F7F00E429117A5B0072B409 /* Debug */,
				7F7F00E529117A5B0072B409 /* Release */,
			);
			defaultConfigurationIsVisible = 0;
			defaultConfigurationName = Release;
		};
		7F7F00E629117A5B0072B409 /* Build configuration list for PBXNativeTarget "LogintoAtlas" */ = {
			isa = XCConfigurationList;
			buildConfigurations = (
				7F7F00E729117A5B0072B409 /* Debug */,
				7F7F00E829117A5B0072B409 /* Release */,
			);
			defaultConfigurationIsVisible = 0;
			defaultConfigurationName = Release;
		};
/* End XCConfigurationList section */

/* Begin XCRemoteSwiftPackageReference section */
		7F7F00E929117ABA0072B409 /* XCRemoteSwiftPackageReference "realm-swift" */ = {
			isa = XCRemoteSwiftPackageReference;
			repositoryURL = "https://github.com/realm/realm-swift";
			requirement = {
				branch = master;
				kind = branch;
			};
		};
/* End XCRemoteSwiftPackageReference section */

/* Begin XCSwiftPackageProductDependency section */
		7F7F00EA29117ABA0072B409 /* Realm */ = {
			isa = XCSwiftPackageProductDependency;
			package = 7F7F00E929117ABA0072B409 /* XCRemoteSwiftPackageReference "realm-swift" */;
			productName = Realm;
		};
		7F7F00EC29117ABA0072B409 /* RealmSwift */ = {
			isa = XCSwiftPackageProductDependency;
			package = 7F7F00E929117ABA0072B409 /* XCRemoteSwiftPackageReference "realm-swift" */;
			productName = RealmSwift;
		};
/* End XCSwiftPackageProductDependency section */
	};
	rootObject = 7F7F00D029117A590072B409 /* Project object */;
}
